
Microsoft Visual Studio Solution File, Format Version 12.00
# Visual Studio 14
VisualStudioVersion = 14.0.24720.0
MinimumVisualStudioVersion = 10.0.40219.1
Project("{FAE04EC0-301F-11D3-BF4B-00C04F79EFBC}") = "Shine", "src\Shine\Shine.csproj", "{BAC5F444-4A63-4240-B923-28DFEED918C5}"
EndProject
Project("{FAE04EC0-301F-11D3-BF4B-00C04F79EFBC}") = "Shine.AspNet", "src\Shine.AspNet\Shine.AspNet.csproj", "{C6F1AE1A-C285-4261-99C1-4A0B15879ADD}"
EndProject
Project("{FAE04EC0-301F-11D3-BF4B-00C04F79EFBC}") = "Shine.FastCGI", "src\Shine.FastCGI\Shine.FastCGI.csproj", "{26D9C994-0365-4CA1-BFBA-B93FDFB0EA96}"
EndProject
Project("{FAE04EC0-301F-11D3-BF4B-00C04F79EFBC}") = "Shine.Templates.DotLiquid", "src\Shine.Templates.DotLiquid\Shine.Templates.DotLiquid.csproj", "{E7E22EDC-FD4B-44F5-8404-E41266C2781C}"
EndProject
Global
	GlobalSection(SolutionConfigurationPlatforms) = preSolution
		Debug|Any CPU = Debug|Any CPU
		Release|Any CPU = Release|Any CPU
	EndGlobalSection
	GlobalSection(ProjectConfigurationPlatforms) = postSolution
		{BAC5F444-4A63-4240-B923-28DFEED918C5}.Debug|Any CPU.ActiveCfg = Debug|Any CPU
		{BAC5F444-4A63-4240-B923-28DFEED918C5}.Debug|Any CPU.Build.0 = Debug|Any CPU
		{BAC5F444-4A63-4240-B923-28DFEED918C5}.Release|Any CPU.ActiveCfg = Release|Any CPU
		{BAC5F444-4A63-4240-B923-28DFEED918C5}.Release|Any CPU.Build.0 = Release|Any CPU
		{C6F1AE1A-C285-4261-99C1-4A0B15879ADD}.Debug|Any CPU.ActiveCfg = Debug|Any CPU
		{C6F1AE1A-C285-4261-99C1-4A0B15879ADD}.Debug|Any CPU.Build.0 = Debug|Any CPU
		{C6F1AE1A-C285-4261-99C1-4A0B15879ADD}.Release|Any CPU.ActiveCfg = Release|Any CPU
		{C6F1AE1A-C285-4261-99C1-4A0B15879ADD}.Release|Any CPU.Build.0 = Release|Any CPU
		{26D9C994-0365-4CA1-BFBA-B93FDFB0EA96}.Debug|Any CPU.ActiveCfg = Debug|Any CPU
		{26D9C994-0365-4CA1-BFBA-B93FDFB0EA96}.Debug|Any CPU.Build.0 = Debug|Any CPU
		{26D9C994-0365-4CA1-BFBA-B93FDFB0EA96}.Release|Any CPU.ActiveCfg = Release|Any CPU
		{26D9C994-0365-4CA1-BFBA-B93FDFB0EA96}.Release|Any CPU.Build.0 = Release|Any CPU
		{E7E22EDC-FD4B-44F5-8404-E41266C2781C}.Debug|Any CPU.ActiveCfg = Debug|Any CPU
		{E7E22EDC-FD4B-44F5-8404-E41266C2781C}.Debug|Any CPU.Build.0 = Debug|Any CPU
		{E7E22EDC-FD4B-44F5-8404-E41266C2781C}.Release|Any CPU.ActiveCfg = Release|Any CPU
		{E7E22EDC-FD4B-44F5-8404-E41266C2781C}.Release|Any CPU.Build.0 = Release|Any CPU
	EndGlobalSection
	GlobalSection(SolutionProperties) = preSolution
		HideSolutionNode = FALSE
	EndGlobalSection
EndGlobal
